
Microsoft Visual Studio Solution File, Format Version 12.00
# Visual Studio Version 17
VisualStudioVersion = 17.4.33403.182
MinimumVisualStudioVersion = 10.0.40219.1
Project("{FAE04EC0-301F-11D3-BF4B-00C04F79EFBC}") = "Ground_Station_v5.0", "Ground_Station_v5.0\Ground_Station_v5.0.csproj", "{46CBF1DF-0EAF-45E8-B5F0-554636A6C39A}"
EndProject
Global
	GlobalSection(SolutionConfigurationPlatforms) = preSolution
		Debug|Any CPU = Debug|Any CPU
		Release|Any CPU = Release|Any CPU
	EndGlobalSection
	GlobalSection(ProjectConfigurationPlatforms) = postSolution
		{46CBF1DF-0EAF-45E8-B5F0-554636A6C39A}.Debug|Any CPU.ActiveCfg = Debug|Any CPU
		{46CBF1DF-0EAF-45E8-B5F0-554636A6C39A}.Debug|Any CPU.Build.0 = Debug|Any CPU
		{46CBF1DF-0EAF-45E8-B5F0-554636A6C39A}.Release|Any CPU.ActiveCfg = Release|Any CPU
		{46CBF1DF-0EAF-45E8-B5F0-554636A6C39A}.Release|Any CPU.Build.0 = Release|Any CPU
	EndGlobalSection
	GlobalSection(SolutionProperties) = preSolution
		HideSolutionNode = FALSE
	EndGlobalSection
	GlobalSection(ExtensibilityGlobals) = postSolution
		SolutionGuid = {882B8C72-DF7C-47AC-87DD-57D11A2ADFB1}
	EndGlobalSection
EndGlobal
